version = 1
requires-python = ">=3.12"

[[package]]
name = "certifi"
version = "2024.8.30"
source = { registry = "https://pypi.org/simple" }
sdist = { url = "https://files.pythonhosted.org/packages/b0/ee/9b19140fe824b367c04c5e1b369942dd754c4c5462d5674002f75c4dedc1/certifi-2024.8.30.tar.gz", hash = "sha256:bec941d2aa8195e248a60b31ff9f0558284cf01a52591ceda73ea9afffd69fd9", size = 168507 }
wheels = [
    { url = "https://files.pythonhosted.org/packages/12/90/3c9ff0512038035f59d279fddeb79f5f1eccd8859f06d6163c58798b9487/certifi-2024.8.30-py3-none-any.whl", hash = "sha256:922820b53db7a7257ffbda3f597266d435245903d80737e34f8a45ff3e3230d8", size = 167321 },
]

[[package]]
name = "charset-normalizer"
version = "3.3.2"
source = { registry = "https://pypi.org/simple" }
sdist = { url = "https://files.pythonhosted.org/packages/63/09/c1bc53dab74b1816a00d8d030de5bf98f724c52c1635e07681d312f20be8/charset-normalizer-3.3.2.tar.gz", hash = "sha256:f30c3cb33b24454a82faecaf01b19c18562b1e89558fb6c56de4d9118a032fd5", size = 104809 }
wheels = [
    { url = "https://files.pythonhosted.org/packages/d1/b2/fcedc8255ec42afee97f9e6f0145c734bbe104aac28300214593eb326f1d/charset_normalizer-3.3.2-cp312-cp312-macosx_10_9_universal2.whl", hash = "sha256:0b2b64d2bb6d3fb9112bafa732def486049e63de9618b5843bcdd081d8144cd8", size = 192892 },
    { url = "https://files.pythonhosted.org/packages/2e/7d/2259318c202f3d17f3fe6438149b3b9e706d1070fe3fcbb28049730bb25c/charset_normalizer-3.3.2-cp312-cp312-macosx_10_9_x86_64.whl", hash = "sha256:ddbb2551d7e0102e7252db79ba445cdab71b26640817ab1e3e3648dad515003b", size = 122213 },
    { url = "https://files.pythonhosted.org/packages/3a/52/9f9d17c3b54dc238de384c4cb5a2ef0e27985b42a0e5cc8e8a31d918d48d/charset_normalizer-3.3.2-cp312-cp312-macosx_11_0_arm64.whl", hash = "sha256:55086ee1064215781fff39a1af09518bc9255b50d6333f2e4c74ca09fac6a8f6", size = 119404 },
    { url = "https://files.pythonhosted.org/packages/99/b0/9c365f6d79a9f0f3c379ddb40a256a67aa69c59609608fe7feb6235896e1/charset_normalizer-3.3.2-cp312-cp312-manylinux_2_17_aarch64.manylinux2014_aarch64.whl", hash = "sha256:8f4a014bc36d3c57402e2977dada34f9c12300af536839dc38c0beab8878f38a", size = 137275 },
    { url = "https://files.pythonhosted.org/packages/91/33/749df346e93d7a30cdcb90cbfdd41a06026317bfbfb62cd68307c1a3c543/charset_normalizer-3.3.2-cp312-cp312-manylinux_2_17_ppc64le.manylinux2014_ppc64le.whl", hash = "sha256:a10af20b82360ab00827f916a6058451b723b4e65030c5a18577c8b2de5b3389", size = 147518 },
    { url = "https://files.pythonhosted.org/packages/72/1a/641d5c9f59e6af4c7b53da463d07600a695b9824e20849cb6eea8a627761/charset_normalizer-3.3.2-cp312-cp312-manylinux_2_17_s390x.manylinux2014_s390x.whl", hash = "sha256:8d756e44e94489e49571086ef83b2bb8ce311e730092d2c34ca8f7d925cb20aa", size = 140182 },
    { url = "https://files.pythonhosted.org/packages/ee/fb/14d30eb4956408ee3ae09ad34299131fb383c47df355ddb428a7331cfa1e/charset_normalizer-3.3.2-cp312-cp312-manylinux_2_17_x86_64.manylinux2014_x86_64.whl", hash = "sha256:90d558489962fd4918143277a773316e56c72da56ec7aa3dc3dbbe20fdfed15b", size = 141869 },
    { url = "https://files.pythonhosted.org/packages/df/3e/a06b18788ca2eb6695c9b22325b6fde7dde0f1d1838b1792a0076f58fe9d/charset_normalizer-3.3.2-cp312-cp312-manylinux_2_5_i686.manylinux1_i686.manylinux_2_17_i686.manylinux2014_i686.whl", hash = "sha256:6ac7ffc7ad6d040517be39eb591cac5ff87416c2537df6ba3cba3bae290c0fed", size = 144042 },
    { url = "https://files.pythonhosted.org/packages/45/59/3d27019d3b447a88fe7e7d004a1e04be220227760264cc41b405e863891b/charset_normalizer-3.3.2-cp312-cp312-musllinux_1_1_aarch64.whl", hash = "sha256:7ed9e526742851e8d5cc9e6cf41427dfc6068d4f5a3bb03659444b4cabf6bc26", size = 138275 },
    { url = "https://files.pythonhosted.org/packages/7b/ef/5eb105530b4da8ae37d506ccfa25057961b7b63d581def6f99165ea89c7e/charset_normalizer-3.3.2-cp312-cp312-musllinux_1_1_i686.whl", hash = "sha256:8bdb58ff7ba23002a4c5808d608e4e6c687175724f54a5dade5fa8c67b604e4d", size = 144819 },
    { url = "https://files.pythonhosted.org/packages/a2/51/e5023f937d7f307c948ed3e5c29c4b7a3e42ed2ee0b8cdf8f3a706089bf0/charset_normalizer-3.3.2-cp312-cp312-musllinux_1_1_ppc64le.whl", hash = "sha256:6b3251890fff30ee142c44144871185dbe13b11bab478a88887a639655be1068", size = 149415 },
    { url = "https://files.pythonhosted.org/packages/24/9d/2e3ef673dfd5be0154b20363c5cdcc5606f35666544381bee15af3778239/charset_normalizer-3.3.2-cp312-cp312-musllinux_1_1_s390x.whl", hash = "sha256:b4a23f61ce87adf89be746c8a8974fe1c823c891d8f86eb218bb957c924bb143", size = 141212 },
    { url = "https://files.pythonhosted.org/packages/5b/ae/ce2c12fcac59cb3860b2e2d76dc405253a4475436b1861d95fe75bdea520/charset_normalizer-3.3.2-cp312-cp312-musllinux_1_1_x86_64.whl", hash = "sha256:efcb3f6676480691518c177e3b465bcddf57cea040302f9f4e6e191af91174d4", size = 142167 },
    { url = "https://files.pythonhosted.org/packages/ed/3a/a448bf035dce5da359daf9ae8a16b8a39623cc395a2ffb1620aa1bce62b0/charset_normalizer-3.3.2-cp312-cp312-win32.whl", hash = "sha256:d965bba47ddeec8cd560687584e88cf699fd28f192ceb452d1d7ee807c5597b7", size = 93041 },
    { url = "https://files.pythonhosted.org/packages/b6/7c/8debebb4f90174074b827c63242c23851bdf00a532489fba57fef3416e40/charset_normalizer-3.3.2-cp312-cp312-win_amd64.whl", hash = "sha256:96b02a3dc4381e5494fad39be677abcb5e6634bf7b4fa83a6dd3112607547001", size = 100397 },
    { url = "https://files.pythonhosted.org/packages/28/76/e6222113b83e3622caa4bb41032d0b1bf785250607392e1b778aca0b8a7d/charset_normalizer-3.3.2-py3-none-any.whl", hash = "sha256:3e4d1f6587322d2788836a99c69062fbb091331ec940e02d12d179c1d53e25fc", size = 48543 },
]

[[package]]
name = "github-profile"
version = "0.1.0"
source = { virtual = "." }
dependencies = [
    { name = "pygal" },
    { name = "python-dotenv" },
    { name = "requests" },
    { name = "time-machine" },
]

[package.dev-dependencies]
dev = [
    { name = "ruff" },
]

[package.metadata]
requires-dist = [
    { name = "pygal", specifier = ">=3.0.5" },
    { name = "python-dotenv", specifier = ">=1.0.1" },
    { name = "requests", specifier = ">=2.32.3" },
    { name = "time-machine", specifier = ">=2.15.0" },
]

[package.metadata.requires-dev]
dev = [{ name = "ruff", specifier = ">=0.6.3" }]

[[package]]
name = "idna"
version = "3.8"
source = { registry = "https://pypi.org/simple" }
sdist = { url = "https://files.pythonhosted.org/packages/e8/ac/e349c5e6d4543326c6883ee9491e3921e0d07b55fdf3cce184b40d63e72a/idna-3.8.tar.gz", hash = "sha256:d838c2c0ed6fced7693d5e8ab8e734d5f8fda53a039c0164afb0b82e771e3603", size = 189467 }
wheels = [
    { url = "https://files.pythonhosted.org/packages/22/7e/d71db821f177828df9dea8c42ac46473366f191be53080e552e628aad991/idna-3.8-py3-none-any.whl", hash = "sha256:050b4e5baadcd44d760cedbd2b8e639f2ff89bbc7a5730fcc662954303377aac", size = 66894 },
]

[[package]]
name = "importlib-metadata"
version = "8.4.0"
source = { registry = "https://pypi.org/simple" }
dependencies = [
    { name = "zipp" },
]
sdist = { url = "https://files.pythonhosted.org/packages/c0/bd/fa8ce65b0a7d4b6d143ec23b0f5fd3f7ab80121078c465bc02baeaab22dc/importlib_metadata-8.4.0.tar.gz", hash = "sha256:9a547d3bc3608b025f93d403fdd1aae741c24fbb8314df4b155675742ce303c5", size = 54320 }
wheels = [
    { url = "https://files.pythonhosted.org/packages/c0/14/362d31bf1076b21e1bcdcb0dc61944822ff263937b804a79231df2774d28/importlib_metadata-8.4.0-py3-none-any.whl", hash = "sha256:66f342cc6ac9818fc6ff340576acd24d65ba0b3efabb2b4ac08b598965a4a2f1", size = 26269 },
]

[[package]]
name = "pygal"
version = "3.0.5"
source = { registry = "https://pypi.org/simple" }
dependencies = [
    { name = "importlib-metadata" },
]
sdist = { url = "https://files.pythonhosted.org/packages/49/7b/8f50821a0f1585881ef40ae13ecb7603b0d81ef99fedf992ec35e6b6f7d5/pygal-3.0.5.tar.gz", hash = "sha256:c0a0f34e5bc1c01975c2bfb8342ad521e293ad42e525699dd00c4d7a52c14b71", size = 80489 }
wheels = [
    { url = "https://files.pythonhosted.org/packages/22/7d/b5d656dbeb73f488ce7409a75108a775f6cf8e20624ed8025a9476cbc1bb/pygal-3.0.5-py3-none-any.whl", hash = "sha256:a3268a5667b470c8fbbb0eca7e987561a7321caeba589d40e4c1bc16dbe71393", size = 129548 },
]

[[package]]
name = "python-dateutil"
version = "2.9.0.post0"
source = { registry = "https://pypi.org/simple" }
dependencies = [
    { name = "six" },
]
sdist = { url = "https://files.pythonhosted.org/packages/66/c0/0c8b6ad9f17a802ee498c46e004a0eb49bc148f2fd230864601a86dcf6db/python-dateutil-2.9.0.post0.tar.gz", hash = "sha256:37dd54208da7e1cd875388217d5e00ebd4179249f90fb72437e91a35459a0ad3", size = 342432 }
wheels = [
    { url = "https://files.pythonhosted.org/packages/ec/57/56b9bcc3c9c6a792fcbaf139543cee77261f3651ca9da0c93f5c1221264b/python_dateutil-2.9.0.post0-py2.py3-none-any.whl", hash = "sha256:a8b2bc7bffae282281c8140a97d3aa9c14da0b136dfe83f850eea9a5f7470427", size = 229892 },
]

[[package]]
name = "python-dotenv"
version = "1.0.1"
source = { registry = "https://pypi.org/simple" }
sdist = { url = "https://files.pythonhosted.org/packages/bc/57/e84d88dfe0aec03b7a2d4327012c1627ab5f03652216c63d49846d7a6c58/python-dotenv-1.0.1.tar.gz", hash = "sha256:e324ee90a023d808f1959c46bcbc04446a10ced277783dc6ee09987c37ec10ca", size = 39115 }
wheels = [
    { url = "https://files.pythonhosted.org/packages/6a/3e/b68c118422ec867fa7ab88444e1274aa40681c606d59ac27de5a5588f082/python_dotenv-1.0.1-py3-none-any.whl", hash = "sha256:f7b63ef50f1b690dddf550d03497b66d609393b40b564ed0d674909a68ebf16a", size = 19863 },
]

[[package]]
name = "requests"
version = "2.32.3"
source = { registry = "https://pypi.org/simple" }
dependencies = [
    { name = "certifi" },
    { name = "charset-normalizer" },
    { name = "idna" },
    { name = "urllib3" },
]
sdist = { url = "https://files.pythonhosted.org/packages/63/70/2bf7780ad2d390a8d301ad0b550f1581eadbd9a20f896afe06353c2a2913/requests-2.32.3.tar.gz", hash = "sha256:55365417734eb18255590a9ff9eb97e9e1da868d4ccd6402399eaf68af20a760", size = 131218 }
wheels = [
    { url = "https://files.pythonhosted.org/packages/f9/9b/335f9764261e915ed497fcdeb11df5dfd6f7bf257d4a6a2a686d80da4d54/requests-2.32.3-py3-none-any.whl", hash = "sha256:70761cfe03c773ceb22aa2f671b4757976145175cdfca038c02654d061d6dcc6", size = 64928 },
]

[[package]]
name = "ruff"
version = "0.6.3"
source = { registry = "https://pypi.org/simple" }
sdist = { url = "https://files.pythonhosted.org/packages/5d/f9/0b32e5d1c6f957df49398cd882a011e9488fcbca0d6acfeeea50ccd37a4d/ruff-0.6.3.tar.gz", hash = "sha256:183b99e9edd1ef63be34a3b51fee0a9f4ab95add123dbf89a71f7b1f0c991983", size = 2463514 }
wheels = [
    { url = "https://files.pythonhosted.org/packages/72/68/1da6a1e39a03a229ea57c511691d6225072759cc7764206c3f0989521194/ruff-0.6.3-py3-none-linux_armv6l.whl", hash = "sha256:97f58fda4e309382ad30ede7f30e2791d70dd29ea17f41970119f55bdb7a45c3", size = 9696928 },
    { url = "https://files.pythonhosted.org/packages/6e/59/3b8b1d3a4271c6eb6ceecd3cef19a6d881639a0f18ad651563d6f619aaae/ruff-0.6.3-py3-none-macosx_10_12_x86_64.whl", hash = "sha256:3b061e49b5cf3a297b4d1c27ac5587954ccb4ff601160d3d6b2f70b1622194dc", size = 9448462 },
    { url = "https://files.pythonhosted.org/packages/35/4f/b942ecb8bbebe53aa9b33e9b96df88acd50b70adaaed3070f1d92131a1cb/ruff-0.6.3-py3-none-macosx_11_0_arm64.whl", hash = "sha256:34e2824a13bb8c668c71c1760a6ac7d795ccbd8d38ff4a0d8471fdb15de910b1", size = 9176190 },
    { url = "https://files.pythonhosted.org/packages/a0/20/b0bcb29d4ee437f3567b73b6905c034e2e94d29b9b826c66daecc1cf6388/ruff-0.6.3-py3-none-manylinux_2_17_aarch64.manylinux2014_aarch64.whl", hash = "sha256:bddfbb8d63c460f4b4128b6a506e7052bad4d6f3ff607ebbb41b0aa19c2770d1", size = 10108892 },
    { url = "https://files.pythonhosted.org/packages/9c/e3/211bc759f424e8823a9937e0f678695ca02113c621dfde1fa756f9f26f6d/ruff-0.6.3-py3-none-manylinux_2_17_armv7l.manylinux2014_armv7l.whl", hash = "sha256:ced3eeb44df75353e08ab3b6a9e113b5f3f996bea48d4f7c027bc528ba87b672", size = 9476471 },
    { url = "https://files.pythonhosted.org/packages/b2/a3/2ec35a2d7a554364864206f0e46812b92a074ad8a014b923d821ead532aa/ruff-0.6.3-py3-none-manylinux_2_17_i686.manylinux2014_i686.whl", hash = "sha256:47021dff5445d549be954eb275156dfd7c37222acc1e8014311badcb9b4ec8c1", size = 10294802 },
    { url = "https://files.pythonhosted.org/packages/03/8b/56ef687b3489c88886dea48c78fb4969b6b65f18007d0ac450070edd1f58/ruff-0.6.3-py3-none-manylinux_2_17_ppc64.manylinux2014_ppc64.whl", hash = "sha256:7d7bd20dc07cebd68cc8bc7b3f5ada6d637f42d947c85264f94b0d1cd9d87384", size = 11022372 },
    { url = "https://files.pythonhosted.org/packages/a5/21/327d147feb442adb88975e81e2263102789eba9ad2afa102c661912a482f/ruff-0.6.3-py3-none-manylinux_2_17_ppc64le.manylinux2014_ppc64le.whl", hash = "sha256:500f166d03fc6d0e61c8e40a3ff853fa8a43d938f5d14c183c612df1b0d6c58a", size = 10596596 },
    { url = "https://files.pythonhosted.org/packages/6c/86/ff386de63729da3e08c8099c57f577a00ec9f3eea711b23ac07cf3588dc5/ruff-0.6.3-py3-none-manylinux_2_17_s390x.manylinux2014_s390x.whl", hash = "sha256:42844ff678f9b976366b262fa2d1d1a3fe76f6e145bd92c84e27d172e3c34500", size = 11572830 },
    { url = "https://files.pythonhosted.org/packages/38/5d/b33284c108e3f315ddd09b70296fd76bd28ecf8965a520bc93f3bbd8ac40/ruff-0.6.3-py3-none-manylinux_2_17_x86_64.manylinux2014_x86_64.whl", hash = "sha256:70452a10eb2d66549de8e75f89ae82462159855e983ddff91bc0bce6511d0470", size = 10262577 },
    { url = "https://files.pythonhosted.org/packages/29/99/9cdfad0d7f460e66567236eddc691473791afd9aff93a0dfcdef0462a6c7/ruff-0.6.3-py3-none-musllinux_1_2_aarch64.whl", hash = "sha256:65a533235ed55f767d1fc62193a21cbf9e3329cf26d427b800fdeacfb77d296f", size = 10098751 },
    { url = "https://files.pythonhosted.org/packages/a8/9f/f801a1619f5549e552f1f722f1db57eb39e7e1d83d482133142781d450de/ruff-0.6.3-py3-none-musllinux_1_2_armv7l.whl", hash = "sha256:d2e2c23cef30dc3cbe9cc5d04f2899e7f5e478c40d2e0a633513ad081f7361b5", size = 9563859 },
    { url = "https://files.pythonhosted.org/packages/0b/4d/fb2424faf04ffdb960ae2b3a1d991c5183dd981003de727d2d5cc38abc98/ruff-0.6.3-py3-none-musllinux_1_2_i686.whl", hash = "sha256:d8a136aa7d228975a6aee3dd8bea9b28e2b43e9444aa678fb62aeb1956ff2351", size = 9914291 },
    { url = "https://files.pythonhosted.org/packages/2e/dd/94fddf002a8f6152e8ebfbb51d3f93febc415c1fe694345623c31ce8b33b/ruff-0.6.3-py3-none-musllinux_1_2_x86_64.whl", hash = "sha256:f92fe93bc72e262b7b3f2bba9879897e2d58a989b4714ba6a5a7273e842ad2f8", size = 10331549 },
    { url = "https://files.pythonhosted.org/packages/b4/73/ca9c2f9237a430ca423b6dca83b77e9a428afeb7aec80596e86c369123fe/ruff-0.6.3-py3-none-win32.whl", hash = "sha256:7a62d3b5b0d7f9143d94893f8ba43aa5a5c51a0ffc4a401aa97a81ed76930521", size = 7962163 },
    { url = "https://files.pythonhosted.org/packages/55/ce/061c605b1dfb52748d59bc0c7a8507546c178801156415773d18febfd71d/ruff-0.6.3-py3-none-win_amd64.whl", hash = "sha256:746af39356fee2b89aada06c7376e1aa274a23493d7016059c3a72e3b296befb", size = 8800901 },
    { url = "https://files.pythonhosted.org/packages/63/28/ae4ffe7d3b6134ca6d31ebef07447ef70097c4a9e8fbbc519b374c5c1559/ruff-0.6.3-py3-none-win_arm64.whl", hash = "sha256:14a9528a8b70ccc7a847637c29e56fd1f9183a9db743bbc5b8e0c4ad60592a82", size = 8229171 },
]

[[package]]
name = "six"
version = "1.16.0"
source = { registry = "https://pypi.org/simple" }
sdist = { url = "https://files.pythonhosted.org/packages/71/39/171f1c67cd00715f190ba0b100d606d440a28c93c7714febeca8b79af85e/six-1.16.0.tar.gz", hash = "sha256:1e61c37477a1626458e36f7b1d82aa5c9b094fa4802892072e49de9c60c4c926", size = 34041 }
wheels = [
    { url = "https://files.pythonhosted.org/packages/d9/5a/e7c31adbe875f2abbb91bd84cf2dc52d792b5a01506781dbcf25c91daf11/six-1.16.0-py2.py3-none-any.whl", hash = "sha256:8abb2f1d86890a2dfb989f9a77cfcfd3e47c2a354b01111771326f8aa26e0254", size = 11053 },
]

[[package]]
name = "time-machine"
version = "2.15.0"
source = { registry = "https://pypi.org/simple" }
dependencies = [
    { name = "python-dateutil" },
]
sdist = { url = "https://files.pythonhosted.org/packages/b2/e8/82d358c4d53555f031c2343d1c235b56b9f3b0a60ac3adc555778fe87506/time_machine-2.15.0.tar.gz", hash = "sha256:ebd2e63baa117ded04b978813fcd1279d3fc6be2149c9cac75c716b6f1db774c", size = 25067 }
wheels = [
    { url = "https://files.pythonhosted.org/packages/49/47/46bf332f4ecd7f35e197131b9c23daa39423cf71b814e36e9d5df3cf2380/time_machine-2.15.0-cp312-cp312-macosx_10_9_universal2.whl", hash = "sha256:a22f47c34ee1fcf7d93a8c5c93135499aac879d9d5d8f820bd28571a30fdabcd", size = 20436 },
    { url = "https://files.pythonhosted.org/packages/f1/36/9990f16868ffdefe6b5aecfdfbcb11718230e414ca61a887fbee884f70e5/time_machine-2.15.0-cp312-cp312-macosx_10_9_x86_64.whl", hash = "sha256:b684f8ecdeacd6baabc17b15ac1b054ca62029193e6c5367ef00b3516671de80", size = 16926 },
    { url = "https://files.pythonhosted.org/packages/ca/2d/007955a0899cd079a400bc204c03edc76274de2471d94ca235ff587a6eba/time_machine-2.15.0-cp312-cp312-macosx_11_0_arm64.whl", hash = "sha256:5f7add997684bc6141e1c80f6ba0c38ffe316ba277a4074e61b1b7b4f5a172bf", size = 17157 },
    { url = "https://files.pythonhosted.org/packages/7a/e2/66d26450f9bfd1b019abdefbf0c62e760efc8992c7bf88d6c18f7ea6b94a/time_machine-2.15.0-cp312-cp312-manylinux_2_17_aarch64.manylinux2014_aarch64.whl", hash = "sha256:31af56399bf7c9ef76a3f7b6d9471dffa8f06ee373c194a374b69523f9061de9", size = 34005 },
    { url = "https://files.pythonhosted.org/packages/46/2c/dc2c42200aee6b47a55274d984736f7507ecfbfd0345114ec511ec444bef/time_machine-2.15.0-cp312-cp312-manylinux_2_5_i686.manylinux1_i686.manylinux_2_17_i686.manylinux2014_i686.whl", hash = "sha256:f5b94cba3edfc54bcb3ab5be616a2f50fa48be438e5af970824efdf882d1bc31", size = 31926 },
    { url = "https://files.pythonhosted.org/packages/87/59/10d8faecbd233b0da831eb9973c3e650c83fb3d443edb607b6b26c9688ac/time_machine-2.15.0-cp312-cp312-manylinux_2_5_x86_64.manylinux1_x86_64.manylinux_2_17_x86_64.manylinux2014_x86_64.whl", hash = "sha256:3862dda89bdb05f9d521b08fdcb24b19a7dd9f559ae324f4301ba7a07b6eea64", size = 33685 },
    { url = "https://files.pythonhosted.org/packages/2e/a4/702ad9e328cbc7b3f1833dee4886d0994e52bc2d9640effa64bccc7740fa/time_machine-2.15.0-cp312-cp312-musllinux_1_2_aarch64.whl", hash = "sha256:e1790481a6b9ce38888f22ce30710244067898c3ac4805a0e061e381f3db3506", size = 33609 },
    { url = "https://files.pythonhosted.org/packages/a0/9d/6009d28ad395a45b5bb91af31616494b4e61d6d9df252d0e5933cd3aa8f1/time_machine-2.15.0-cp312-cp312-musllinux_1_2_i686.whl", hash = "sha256:a731c03bc00552ee6cc685a59616d36003124e7e04c6ddf65c2c47f1c3d85480", size = 31737 },
    { url = "https://files.pythonhosted.org/packages/36/22/b55df08cf48d46af93ee2f4310dd88c8519bc5f98afd24af57a81a5d5272/time_machine-2.15.0-cp312-cp312-musllinux_1_2_x86_64.whl", hash = "sha256:e6776840aea3ff5ab6924b50117957da62db51b109b3b491c0d5817a804b1a8e", size = 33253 },
    { url = "https://files.pythonhosted.org/packages/52/d7/bb5e92f0b0268cd13baad874d82b0e964a847cf52740464abeec48dc1642/time_machine-2.15.0-cp312-cp312-win32.whl", hash = "sha256:9479530e3fce65f6149058071fa4df8150025f15b43b103445f619842981a87c", size = 19369 },
    { url = "https://files.pythonhosted.org/packages/f4/33/276537ba292fc7ee67e6aef7566b2a6b313dbc4d479e5e80eed43094ef48/time_machine-2.15.0-cp312-cp312-win_amd64.whl", hash = "sha256:b5f3ab4185c1f72010846ca9fccb08349e23a2b52982a18d9870e848ce9f1c86", size = 20219 },
    { url = "https://files.pythonhosted.org/packages/e0/0e/e8b75032248f59a2bc5c125d3a41242b1e577caa07585c42b22373d6466d/time_machine-2.15.0-cp312-cp312-win_arm64.whl", hash = "sha256:c0473dfa8f17c6a9a250b2bd6a5b62af3aa7d22518f701649115f1085d5e35ab", size = 18297 },
    { url = "https://files.pythonhosted.org/packages/7c/a1/ebe212530628aa29a86a771ca77cb2d1ead667382cfa89a3fb849e3f0108/time_machine-2.15.0-cp313-cp313-macosx_10_13_universal2.whl", hash = "sha256:f50f10058b884d45cd8a50423bf561b1f9f9df7058abeb8b318700c8bcf4bb54", size = 20492 },
    { url = "https://files.pythonhosted.org/packages/29/0d/2a19951729e50d8809e161e533585c0be5ae39c0cf40140877353847b9b5/time_machine-2.15.0-cp313-cp313-macosx_10_13_x86_64.whl", hash = "sha256:df6f618b98f0848fd8d07039541e10f23db679d8283f8719e870a98e1ef8e639", size = 16961 },
    { url = "https://files.pythonhosted.org/packages/85/eb/33cf2173758b128f55c880c492e17b70f6c325e7bee879f9b0171cfe02a0/time_machine-2.15.0-cp313-cp313-manylinux_2_17_aarch64.manylinux2014_aarch64.whl", hash = "sha256:52468a0784544eba708c0ae6bc5e8c5dcfd685495a60f7f74028662c984bd9cd", size = 34051 },
    { url = "https://files.pythonhosted.org/packages/e1/23/da9a7935a7be952ab6163caf976b6bad049f6e117f3a396ecc381b077cb6/time_machine-2.15.0-cp313-cp313-manylinux_2_5_i686.manylinux1_i686.manylinux_2_17_i686.manylinux2014_i686.whl", hash = "sha256:c08800c28160f4d32ca510128b4e201a43c813e7a2dd53178fa79ebe050eba13", size = 31966 },
    { url = "https://files.pythonhosted.org/packages/0b/0d/a8e3cbd91ffa98b0fa50b6e29d03151f37aa04cca4dd658e33cdf2b4731e/time_machine-2.15.0-cp313-cp313-manylinux_2_5_x86_64.manylinux1_x86_64.manylinux_2_17_x86_64.manylinux2014_x86_64.whl", hash = "sha256:65d395211736d9844537a530287a7c64b9fda1d353e899a0e1723986a0859154", size = 33727 },
    { url = "https://files.pythonhosted.org/packages/07/53/c084031980706517cfbae9f462e455d61c7cbf9b66a8a83bcc5b79d00836/time_machine-2.15.0-cp313-cp313-musllinux_1_2_aarch64.whl", hash = "sha256:3b177d334a35bf2ce103bfe4e0e416e4ee824dd33386ea73fa7491c17cc61897", size = 33690 },
    { url = "https://files.pythonhosted.org/packages/a0/30/5c87e8709ba00c893faf8a9bddf06abf317fdc6103fe78bdf99c53ab444f/time_machine-2.15.0-cp313-cp313-musllinux_1_2_i686.whl", hash = "sha256:9a6a9342fae113b12aab42c790880c549d9ba695b8deff27ee08096eedd67569", size = 31809 },
    { url = "https://files.pythonhosted.org/packages/04/7b/92ac7c556cd123bf8b23dbae3cf4a273c276110b87d0c4b5600c2cec8e70/time_machine-2.15.0-cp313-cp313-musllinux_1_2_x86_64.whl", hash = "sha256:bcbb25029ee8756f10c6473cea5ef21707a1d9a8752cdf29fad3a5f34aa4a313", size = 33325 },
    { url = "https://files.pythonhosted.org/packages/e9/71/36c74bab3d4e4385d31610b367da1535a36d17358df058e0920a7510e17c/time_machine-2.15.0-cp313-cp313-win32.whl", hash = "sha256:29b988b1f09f2a083b12b6b054787b799ae91ee15bb0e9de3e48f880e4d68674", size = 19397 },
    { url = "https://files.pythonhosted.org/packages/a4/69/ea5976c43a673894f2fa85a05b28a610b474472f393e59722a6946f7070b/time_machine-2.15.0-cp313-cp313-win_amd64.whl", hash = "sha256:d828721dcbcb94b904a6b25df67c2513ecd24cd9e36694f38b9f0fa71c7c6103", size = 20242 },
    { url = "https://files.pythonhosted.org/packages/cc/c8/26367d0b8dfaf7445576fe0051bff61b8f5be752e7bf3e8807ed7fa3a343/time_machine-2.15.0-cp313-cp313-win_arm64.whl", hash = "sha256:008bd668d933b1a029c81805bcdc0132390c2545b103cf8e6709e3adbc37989d", size = 18337 },
]

[[package]]
name = "urllib3"
version = "2.2.2"
source = { registry = "https://pypi.org/simple" }
sdist = { url = "https://files.pythonhosted.org/packages/43/6d/fa469ae21497ddc8bc93e5877702dca7cb8f911e337aca7452b5724f1bb6/urllib3-2.2.2.tar.gz", hash = "sha256:dd505485549a7a552833da5e6063639d0d177c04f23bc3864e41e5dc5f612168", size = 292266 }
wheels = [
    { url = "https://files.pythonhosted.org/packages/ca/1c/89ffc63a9605b583d5df2be791a27bc1a42b7c32bab68d3c8f2f73a98cd4/urllib3-2.2.2-py3-none-any.whl", hash = "sha256:a448b2f64d686155468037e1ace9f2d2199776e17f0a46610480d311f73e3472", size = 121444 },
]

[[package]]
name = "zipp"
version = "3.20.1"
source = { registry = "https://pypi.org/simple" }
sdist = { url = "https://files.pythonhosted.org/packages/d3/8b/1239a3ef43a0d0ebdca623fb6413bc7702c321400c5fdd574f0b7aa0fbb4/zipp-3.20.1.tar.gz", hash = "sha256:c22b14cc4763c5a5b04134207736c107db42e9d3ef2d9779d465f5f1bcba572b", size = 23848 }
wheels = [
    { url = "https://files.pythonhosted.org/packages/07/9e/c96f7a4cd0bf5625bb409b7e61e99b1130dc63a98cb8b24aeabae62d43e8/zipp-3.20.1-py3-none-any.whl", hash = "sha256:9960cd8967c8f85a56f920d5d507274e74f9ff813a0ab8889a5b5be2daf44064", size = 8988 },
]
